
Microsoft Visual Studio Solution File, Format Version 12.00
# Visual Studio Version 16
VisualStudioVersion = 16.0.808.5
MinimumVisualStudioVersion = 10.0.40219.1
Project("{FAE04EC0-301F-11D3-BF4B-00C04F79EFBC}") = "notisample.iOS", "notisample.iOS\notisample.iOS.csproj", "{6565A803-A59F-45C0-9368-9762E0202A97}"
EndProject
Project("{FAE04EC0-301F-11D3-BF4B-00C04F79EFBC}") = "notisample", "notisample\notisample.csproj", "{880D02E0-5F6C-47A1-868E-714FF92FF775}"
EndProject
Global
	GlobalSection(SolutionConfigurationPlatforms) = preSolution
		Debug|Any CPU = Debug|Any CPU
		Release|Any CPU = Release|Any CPU
		Debug|iPhoneSimulator = Debug|iPhoneSimulator
		Release|iPhoneSimulator = Release|iPhoneSimulator
		Debug|iPhone = Debug|iPhone
		Release|iPhone = Release|iPhone
	EndGlobalSection
	GlobalSection(ProjectConfigurationPlatforms) = postSolution
		{6565A803-A59F-45C0-9368-9762E0202A97}.Debug|Any CPU.ActiveCfg = Debug|iPhoneSimulator
		{6565A803-A59F-45C0-9368-9762E0202A97}.Debug|Any CPU.Build.0 = Debug|iPhoneSimulator
		{6565A803-A59F-45C0-9368-9762E0202A97}.Release|Any CPU.ActiveCfg = Release|iPhoneSimulator
		{6565A803-A59F-45C0-9368-9762E0202A97}.Release|Any CPU.Build.0 = Release|iPhoneSimulator
		{6565A803-A59F-45C0-9368-9762E0202A97}.Debug|iPhoneSimulator.ActiveCfg = Debug|iPhoneSimulator
		{6565A803-A59F-45C0-9368-9762E0202A97}.Debug|iPhoneSimulator.Build.0 = Debug|iPhoneSimulator
		{6565A803-A59F-45C0-9368-9762E0202A97}.Release|iPhoneSimulator.ActiveCfg = Release|iPhoneSimulator
		{6565A803-A59F-45C0-9368-9762E0202A97}.Release|iPhoneSimulator.Build.0 = Release|iPhoneSimulator
		{6565A803-A59F-45C0-9368-9762E0202A97}.Debug|iPhone.ActiveCfg = Debug|iPhone
		{6565A803-A59F-45C0-9368-9762E0202A97}.Debug|iPhone.Build.0 = Debug|iPhone
		{6565A803-A59F-45C0-9368-9762E0202A97}.Release|iPhone.ActiveCfg = Release|iPhone
		{6565A803-A59F-45C0-9368-9762E0202A97}.Release|iPhone.Build.0 = Release|iPhone
		{880D02E0-5F6C-47A1-868E-714FF92FF775}.Debug|Any CPU.ActiveCfg = Debug|Any CPU
		{880D02E0-5F6C-47A1-868E-714FF92FF775}.Debug|Any CPU.Build.0 = Debug|Any CPU
		{880D02E0-5F6C-47A1-868E-714FF92FF775}.Release|Any CPU.ActiveCfg = Release|Any CPU
		{880D02E0-5F6C-47A1-868E-714FF92FF775}.Release|Any CPU.Build.0 = Release|Any CPU
		{880D02E0-5F6C-47A1-868E-714FF92FF775}.Debug|iPhoneSimulator.ActiveCfg = Debug|Any CPU
		{880D02E0-5F6C-47A1-868E-714FF92FF775}.Debug|iPhoneSimulator.Build.0 = Debug|Any CPU
		{880D02E0-5F6C-47A1-868E-714FF92FF775}.Release|iPhoneSimulator.ActiveCfg = Release|Any CPU
		{880D02E0-5F6C-47A1-868E-714FF92FF775}.Release|iPhoneSimulator.Build.0 = Release|Any CPU
		{880D02E0-5F6C-47A1-868E-714FF92FF775}.Debug|iPhone.ActiveCfg = Debug|Any CPU
		{880D02E0-5F6C-47A1-868E-714FF92FF775}.Debug|iPhone.Build.0 = Debug|Any CPU
		{880D02E0-5F6C-47A1-868E-714FF92FF775}.Release|iPhone.ActiveCfg = Release|Any CPU
		{880D02E0-5F6C-47A1-868E-714FF92FF775}.Release|iPhone.Build.0 = Release|Any CPU
	EndGlobalSection
	GlobalSection(SolutionProperties) = preSolution
		HideSolutionNode = FALSE
	EndGlobalSection
	GlobalSection(ExtensibilityGlobals) = postSolution
		SolutionGuid = {794D2233-3A7C-4882-9654-F622938D6510}
	EndGlobalSection
EndGlobal
